
Microsoft Visual Studio Solution File, Format Version 12.00
# Visual Studio Version 17
VisualStudioVersion = 17.3.32929.385
MinimumVisualStudioVersion = 10.0.40219.1
Project("{FAE04EC0-301F-11D3-BF4B-00C04F79EFBC}") = "9 практан", "9 практан\9 практан.csproj", "{F76A344A-2B7F-46F0-94E5-67BB67BC3A9B}"
EndProject
Global
	GlobalSection(SolutionConfigurationPlatforms) = preSolution
		Debug|Any CPU = Debug|Any CPU
		Release|Any CPU = Release|Any CPU
	EndGlobalSection
	GlobalSection(ProjectConfigurationPlatforms) = postSolution
		{F76A344A-2B7F-46F0-94E5-67BB67BC3A9B}.Debug|Any CPU.ActiveCfg = Debug|Any CPU
		{F76A344A-2B7F-46F0-94E5-67BB67BC3A9B}.Debug|Any CPU.Build.0 = Debug|Any CPU
		{F76A344A-2B7F-46F0-94E5-67BB67BC3A9B}.Release|Any CPU.ActiveCfg = Release|Any CPU
		{F76A344A-2B7F-46F0-94E5-67BB67BC3A9B}.Release|Any CPU.Build.0 = Release|Any CPU
	EndGlobalSection
	GlobalSection(SolutionProperties) = preSolution
		HideSolutionNode = FALSE
	EndGlobalSection
	GlobalSection(ExtensibilityGlobals) = postSolution
		SolutionGuid = {CE61B3F5-FAB1-4CB4-AFF6-9B3E8B633D74}
	EndGlobalSection
EndGlobal
